
Microsoft Visual Studio Solution File, Format Version 12.00
# Visual Studio Version 16
VisualStudioVersion = 16.0.809.0
MinimumVisualStudioVersion = 10.0.40219.1
Project("{FAE04EC0-301F-11D3-BF4B-00C04F79EFBC}") = "Kaspi_Lab_4", "Kaspi_Lab_4\Kaspi_Lab_4.csproj", "{4C2DBA8B-23B8-4B50-AE27-A286DBA51AA1}"
EndProject
Global
	GlobalSection(SolutionConfigurationPlatforms) = preSolution
		Debug|Any CPU = Debug|Any CPU
		Release|Any CPU = Release|Any CPU
	EndGlobalSection
	GlobalSection(ProjectConfigurationPlatforms) = postSolution
		{4C2DBA8B-23B8-4B50-AE27-A286DBA51AA1}.Debug|Any CPU.ActiveCfg = Debug|Any CPU
		{4C2DBA8B-23B8-4B50-AE27-A286DBA51AA1}.Debug|Any CPU.Build.0 = Debug|Any CPU
		{4C2DBA8B-23B8-4B50-AE27-A286DBA51AA1}.Release|Any CPU.ActiveCfg = Release|Any CPU
		{4C2DBA8B-23B8-4B50-AE27-A286DBA51AA1}.Release|Any CPU.Build.0 = Release|Any CPU
	EndGlobalSection
	GlobalSection(SolutionProperties) = preSolution
		HideSolutionNode = FALSE
	EndGlobalSection
	GlobalSection(ExtensibilityGlobals) = postSolution
		SolutionGuid = {D210C61D-41EF-467C-9277-D30076FAAA57}
	EndGlobalSection
EndGlobal
